{"filter":false,"title":"Gemfile.lock","tooltip":"/Labs/blog/Gemfile.lock","undoManager":{"mark":0,"position":0,"stack":[[{"start":{"row":44,"column":5},"end":{"row":44,"column":13},"action":"remove","lines":["rel (9.0"],"id":2,"ignore":true},{"start":{"row":44,"column":5},"end":{"row":47,"column":19},"action":"insert","lines":["ddressable (2.7.0)","      public_suffix (>= 2.0.2, < 5.0)","    arel (9.0.0)","    backports (3.17"]},{"start":{"row":53,"column":0},"end":{"row":61,"column":0},"action":"insert","lines":["    capybara (3.31.0)","      addressable","      mini_mime (>= 0.1.3)","      nokogiri (~> 1.8)","      rack (>= 1.6.0)","      rack-test (>= 0.6.3)","      regexp_parser (~> 1.5)","      xpath (~> 3.2)",""]},{"start":{"row":70,"column":0},"end":{"row":94,"column":0},"action":"insert","lines":["    cucumber (3.1.2)","      builder (>= 2.1.2)","      cucumber-core (~> 3.2.0)","      cucumber-expressions (~> 6.0.1)","      cucumber-wire (~> 0.0.1)","      diff-lcs (~> 1.3)","      gherkin (~> 5.1.0)","      multi_json (>= 1.7.5, < 2.0)","      multi_test (>= 0.1.2)","    cucumber-core (3.2.1)","      backports (>= 3.8.0)","      cucumber-tag_expressions (~> 1.1.0)","      gherkin (~> 5.0)","    cucumber-expressions (6.0.1)","    cucumber-rails (2.0.0)","      capybara (>= 2.12, < 4)","      cucumber (>= 3.0.2, < 4)","      mime-types (>= 2.0, < 4)","      nokogiri (~> 1.8)","      railties (>= 4.2, < 7)","    cucumber-tag_expressions (1.1.1)","    cucumber-wire (0.0.1)","    database_cleaner (1.8.3)","    diff-lcs (1.3)",""]},{"start":{"row":97,"column":0},"end":{"row":98,"column":0},"action":"insert","lines":["    gherkin (5.1.0)",""]},{"start":{"row":116,"column":0},"end":{"row":119,"column":0},"action":"insert","lines":["    mime-types (3.3.1)","      mime-types-data (~> 3.2015)","    mime-types-data (3.2019.1009)",""]},{"start":{"row":124,"column":0},"end":{"row":126,"column":0},"action":"insert","lines":["    multi_json (1.14.1)","    multi_test (0.1.2)",""]},{"start":{"row":129,"column":0},"end":{"row":130,"column":0},"action":"insert","lines":["    public_suffix (4.0.3)",""]},{"start":{"row":162,"column":0},"end":{"row":167,"column":0},"action":"insert","lines":["    regexp_parser (1.7.0)","    rspec-expectations (3.9.1)","      diff-lcs (>= 1.2.0, < 2.0)","      rspec-support (~> 3.9.0)","    rspec-support (3.9.2)",""]},{"start":{"row":208,"column":32},"end":{"row":210,"column":23},"action":"insert","lines":["","    xpath (3.2.0)","      nokogiri (~> 1.8)"]},{"start":{"row":219,"column":0},"end":{"row":222,"column":0},"action":"insert","lines":["  cucumber","  cucumber-rails","  database_cleaner",""]},{"start":{"row":226,"column":0},"end":{"row":227,"column":0},"action":"insert","lines":["  rspec-expectations",""]}]]},"ace":{"folds":[],"scrolltop":2785,"scrollleft":0,"selection":{"start":{"row":235,"column":0},"end":{"row":235,"column":0},"isBackwards":false},"options":{"guessTabSize":true,"useWrapMode":false,"wrapToView":true},"firstLineState":{"row":173,"state":"start","mode":"ace/mode/text"}},"timestamp":1585361478961,"hash":"6f1b94e6d01998b716b31e9d90513e9df15598bd"}